{
  "name": "consultation-analyser",
  "version": "1.0.0",
  "lockfileVersion": 3,
  "requires": true,
  "packages": {
    "": {
      "name": "consultation-analyser",
      "version": "1.0.0",
      "license": "ISC",
      "dependencies": {
        "govuk-frontend": "^5.3.0"
      }
    },
    "node_modules/govuk-frontend": {
      "version": "5.3.0",
      "resolved": "https://registry.npmjs.org/govuk-frontend/-/govuk-frontend-5.3.0.tgz",
      "integrity": "sha512-w6yaaDU3nqhVmWJFnOuJKRIUEB/2RrTFGzoA3z5n4cTG9h292EseT/q+JJA/LYTf5IYzeTIVAUbE5fFjUxefiQ==",
      "engines": {
        "node": ">= 4.2.0"
      }
    }
  }
}
